
Microsoft Visual Studio Solution File, Format Version 12.00
# Visual Studio Version 16
VisualStudioVersion = 16.0.31729.503
MinimumVisualStudioVersion = 10.0.40219.1
Project("{FAE04EC0-301F-11D3-BF4B-00C04F79EFBC}") = "String_1", "String_1\String_1.csproj", "{0ED8E494-922C-4A93-A2EA-ED694EB8CD2A}"
EndProject
Project("{FAE04EC0-301F-11D3-BF4B-00C04F79EFBC}") = "String_2", "String_2\String_2.csproj", "{9028BD72-7357-40EB-8EAA-208228FCE6F1}"
EndProject
Project("{FAE04EC0-301F-11D3-BF4B-00C04F79EFBC}") = "String_3", "String_3\String_3.csproj", "{03CC9EF8-7618-46F4-9FA6-24C5A9A7F689}"
EndProject
Global
	GlobalSection(SolutionConfigurationPlatforms) = preSolution
		Debug|Any CPU = Debug|Any CPU
		Release|Any CPU = Release|Any CPU
	EndGlobalSection
	GlobalSection(ProjectConfigurationPlatforms) = postSolution
		{0ED8E494-922C-4A93-A2EA-ED694EB8CD2A}.Debug|Any CPU.ActiveCfg = Debug|Any CPU
		{0ED8E494-922C-4A93-A2EA-ED694EB8CD2A}.Debug|Any CPU.Build.0 = Debug|Any CPU
		{0ED8E494-922C-4A93-A2EA-ED694EB8CD2A}.Release|Any CPU.ActiveCfg = Release|Any CPU
		{0ED8E494-922C-4A93-A2EA-ED694EB8CD2A}.Release|Any CPU.Build.0 = Release|Any CPU
		{9028BD72-7357-40EB-8EAA-208228FCE6F1}.Debug|Any CPU.ActiveCfg = Debug|Any CPU
		{9028BD72-7357-40EB-8EAA-208228FCE6F1}.Debug|Any CPU.Build.0 = Debug|Any CPU
		{9028BD72-7357-40EB-8EAA-208228FCE6F1}.Release|Any CPU.ActiveCfg = Release|Any CPU
		{9028BD72-7357-40EB-8EAA-208228FCE6F1}.Release|Any CPU.Build.0 = Release|Any CPU
		{03CC9EF8-7618-46F4-9FA6-24C5A9A7F689}.Debug|Any CPU.ActiveCfg = Debug|Any CPU
		{03CC9EF8-7618-46F4-9FA6-24C5A9A7F689}.Debug|Any CPU.Build.0 = Debug|Any CPU
		{03CC9EF8-7618-46F4-9FA6-24C5A9A7F689}.Release|Any CPU.ActiveCfg = Release|Any CPU
		{03CC9EF8-7618-46F4-9FA6-24C5A9A7F689}.Release|Any CPU.Build.0 = Release|Any CPU
	EndGlobalSection
	GlobalSection(SolutionProperties) = preSolution
		HideSolutionNode = FALSE
	EndGlobalSection
	GlobalSection(ExtensibilityGlobals) = postSolution
		SolutionGuid = {5384594C-2798-4041-8C7A-5C760D54EAA9}
	EndGlobalSection
EndGlobal
